
Microsoft Visual Studio Solution File, Format Version 12.00
# Visual Studio Version 17
VisualStudioVersion = 17.8.34601.278
MinimumVisualStudioVersion = 10.0.40219.1
Project("{FAE04EC0-301F-11D3-BF4B-00C04F79EFBC}") = "MasicOnionServer00", "MasicOnionServer00.csproj", "{4214C939-03C0-4932-802D-956C8A355B4B}"
	ProjectSection(ProjectDependencies) = postProject
		{031B19C7-4CEF-44A2-8F06-9A49B488F0BB} = {031B19C7-4CEF-44A2-8F06-9A49B488F0BB}
	EndProjectSection
EndProject
Project("{FAE04EC0-301F-11D3-BF4B-00C04F79EFBC}") = "Shared", "..\Shared\Shared.csproj", "{031B19C7-4CEF-44A2-8F06-9A49B488F0BB}"
EndProject
Global
	GlobalSection(SolutionConfigurationPlatforms) = preSolution
		Debug|Any CPU = Debug|Any CPU
		Release|Any CPU = Release|Any CPU
	EndGlobalSection
	GlobalSection(ProjectConfigurationPlatforms) = postSolution
		{4214C939-03C0-4932-802D-956C8A355B4B}.Debug|Any CPU.ActiveCfg = Debug|Any CPU
		{4214C939-03C0-4932-802D-956C8A355B4B}.Debug|Any CPU.Build.0 = Debug|Any CPU
		{4214C939-03C0-4932-802D-956C8A355B4B}.Release|Any CPU.ActiveCfg = Release|Any CPU
		{4214C939-03C0-4932-802D-956C8A355B4B}.Release|Any CPU.Build.0 = Release|Any CPU
		{031B19C7-4CEF-44A2-8F06-9A49B488F0BB}.Debug|Any CPU.ActiveCfg = Debug|Any CPU
		{031B19C7-4CEF-44A2-8F06-9A49B488F0BB}.Debug|Any CPU.Build.0 = Debug|Any CPU
		{031B19C7-4CEF-44A2-8F06-9A49B488F0BB}.Release|Any CPU.ActiveCfg = Release|Any CPU
		{031B19C7-4CEF-44A2-8F06-9A49B488F0BB}.Release|Any CPU.Build.0 = Release|Any CPU
	EndGlobalSection
	GlobalSection(SolutionProperties) = preSolution
		HideSolutionNode = FALSE
	EndGlobalSection
	GlobalSection(ExtensibilityGlobals) = postSolution
		SolutionGuid = {33CC93C7-4D67-4E6C-8B0E-47704FE31762}
	EndGlobalSection
EndGlobal
